
Microsoft Visual Studio Solution File, Format Version 12.00
# Visual Studio Version 16
VisualStudioVersion = 16.0.30413.136
MinimumVisualStudioVersion = 10.0.40219.1
Project("{9A19103F-16F7-4668-BE54-9A1E7A4F7556}") = "Forms", "Forms.csproj", "{6900F299-A8EE-4722-B791-1B14A069CCA4}"
EndProject
Project("{2150E333-8FDC-42A3-9474-1A3956D46DE8}") = "Forms", "Forms", "{F131930F-A139-433C-B0E5-8E98F443EBA1}"
EndProject
Project("{2150E333-8FDC-42A3-9474-1A3956D46DE8}") = "Model", "Model", "{A3A95FA3-C2F9-4C0D-8920-3C34D275BBFF}"
EndProject
Project("{9A19103F-16F7-4668-BE54-9A1E7A4F7556}") = "CraphModel", "..\CraphModel\CraphModel.csproj", "{BFC324EC-0E23-4040-82BA-5B8554FB28D7}"
EndProject
Global
	GlobalSection(SolutionConfigurationPlatforms) = preSolution
		Debug|Any CPU = Debug|Any CPU
		Release|Any CPU = Release|Any CPU
	EndGlobalSection
	GlobalSection(ProjectConfigurationPlatforms) = postSolution
		{6900F299-A8EE-4722-B791-1B14A069CCA4}.Debug|Any CPU.ActiveCfg = Debug|Any CPU
		{6900F299-A8EE-4722-B791-1B14A069CCA4}.Debug|Any CPU.Build.0 = Debug|Any CPU
		{6900F299-A8EE-4722-B791-1B14A069CCA4}.Release|Any CPU.ActiveCfg = Release|Any CPU
		{6900F299-A8EE-4722-B791-1B14A069CCA4}.Release|Any CPU.Build.0 = Release|Any CPU
		{BFC324EC-0E23-4040-82BA-5B8554FB28D7}.Debug|Any CPU.ActiveCfg = Debug|Any CPU
		{BFC324EC-0E23-4040-82BA-5B8554FB28D7}.Debug|Any CPU.Build.0 = Debug|Any CPU
		{BFC324EC-0E23-4040-82BA-5B8554FB28D7}.Release|Any CPU.ActiveCfg = Release|Any CPU
		{BFC324EC-0E23-4040-82BA-5B8554FB28D7}.Release|Any CPU.Build.0 = Release|Any CPU
	EndGlobalSection
	GlobalSection(SolutionProperties) = preSolution
		HideSolutionNode = FALSE
	EndGlobalSection
	GlobalSection(NestedProjects) = preSolution
		{6900F299-A8EE-4722-B791-1B14A069CCA4} = {F131930F-A139-433C-B0E5-8E98F443EBA1}
		{BFC324EC-0E23-4040-82BA-5B8554FB28D7} = {A3A95FA3-C2F9-4C0D-8920-3C34D275BBFF}
	EndGlobalSection
	GlobalSection(ExtensibilityGlobals) = postSolution
		SolutionGuid = {43F0DC72-6F61-43AF-9A39-960489E89B49}
	EndGlobalSection
EndGlobal
