
Microsoft Visual Studio Solution File, Format Version 12.00
# Visual Studio Version 16
VisualStudioVersion = 16.0.30413.136
MinimumVisualStudioVersion = 10.0.40219.1
Project("{9A19103F-16F7-4668-BE54-9A1E7A4F7556}") = "Forms", "Forms.csproj", "{6900F299-A8EE-4722-B791-1B14A069CCA4}"
EndProject
Project("{2150E333-8FDC-42A3-9474-1A3956D46DE8}") = "Forms", "Forms", "{F131930F-A139-433C-B0E5-8E98F443EBA1}"
EndProject
Project("{2150E333-8FDC-42A3-9474-1A3956D46DE8}") = "Model", "Model", "{A3A95FA3-C2F9-4C0D-8920-3C34D275BBFF}"
EndProject
Project("{9A19103F-16F7-4668-BE54-9A1E7A4F7556}") = "CraphModel", "..\CraphModel\CraphModel.csproj", "{BFC324EC-0E23-4040-82BA-5B8554FB28D7}"
EndProject
Project("{9A19103F-16F7-4668-BE54-9A1E7A4F7556}") = "GraphModelDraw", "..\GraphModelDraw\GraphModelDraw.csproj", "{3479594F-2019-4619-940E-9BF288E01C80}"
EndProject
Project("{2150E333-8FDC-42A3-9474-1A3956D46DE8}") = "DrawBackEnd", "DrawBackEnd", "{8044D66F-1E02-4522-8564-F71988C8261A}"
EndProject
Project("{9A19103F-16F7-4668-BE54-9A1E7A4F7556}") = "CollisionDraw", "..\CollisionDraw\CollisionDraw.csproj", "{038BD419-8120-470D-9117-4A5C5A45A2BA}"
EndProject
Project("{2150E333-8FDC-42A3-9474-1A3956D46DE8}") = "Tests", "Tests", "{4B94143A-E951-4C88-ABA4-7F9D17DFB93D}"
EndProject
Project("{9A19103F-16F7-4668-BE54-9A1E7A4F7556}") = "CollisionDrawTest", "..\CollisionDrawTest\CollisionDrawTest.csproj", "{6E3AB3A9-0C9B-47EB-9854-9DBC0DD30674}"
EndProject
Project("{2150E333-8FDC-42A3-9474-1A3956D46DE8}") = "DataProcessing", "DataProcessing", "{80750427-D7EE-41A9-BD6E-A3A495724057}"
EndProject
Project("{9A19103F-16F7-4668-BE54-9A1E7A4F7556}") = "Serializing", "..\DataProcessing\Serializing.csproj", "{323CCAFE-F3EE-49DA-9DF7-088E896C60E8}"
EndProject
Project("{9A19103F-16F7-4668-BE54-9A1E7A4F7556}") = "VertexSearch", "..\VertexSearch\VertexSearch.csproj", "{274B8D99-0D59-4CAB-B973-1539190772BD}"
EndProject
Project("{2150E333-8FDC-42A3-9474-1A3956D46DE8}") = "AlgorithmBackEnd", "AlgorithmBackEnd", "{9C3AAE6C-94CC-4369-A896-2FEEDAA52749}"
EndProject
Project("{9A19103F-16F7-4668-BE54-9A1E7A4F7556}") = "Algorithms", "..\Algorithms\Algorithms.csproj", "{93B2E9ED-E208-44DF-8989-19D89EEF3A9A}"
EndProject
Project("{9A19103F-16F7-4668-BE54-9A1E7A4F7556}") = "AlgorithmsTest", "..\AlgorithmsTest\AlgorithmsTest.csproj", "{77483F02-80FC-43E5-BBC1-54782B2EBFFB}"
EndProject
Project("{9A19103F-16F7-4668-BE54-9A1E7A4F7556}") = "SerializingTest", "..\SerializingTest\SerializingTest.csproj", "{9B27352F-AEB9-4564-BF01-D406F9442096}"
EndProject
Project("{FAE04EC0-301F-11D3-BF4B-00C04F79EFBC}") = "ArrowDraw", "..\EdgeDraw\ArrowDraw.csproj", "{E3181A7F-8E31-46FD-A800-8DE0E6A82D43}"
EndProject
Global
	GlobalSection(SolutionConfigurationPlatforms) = preSolution
		Debug|Any CPU = Debug|Any CPU
		Release|Any CPU = Release|Any CPU
	EndGlobalSection
	GlobalSection(ProjectConfigurationPlatforms) = postSolution
		{6900F299-A8EE-4722-B791-1B14A069CCA4}.Debug|Any CPU.ActiveCfg = Debug|Any CPU
		{6900F299-A8EE-4722-B791-1B14A069CCA4}.Debug|Any CPU.Build.0 = Debug|Any CPU
		{6900F299-A8EE-4722-B791-1B14A069CCA4}.Release|Any CPU.ActiveCfg = Release|Any CPU
		{6900F299-A8EE-4722-B791-1B14A069CCA4}.Release|Any CPU.Build.0 = Release|Any CPU
		{BFC324EC-0E23-4040-82BA-5B8554FB28D7}.Debug|Any CPU.ActiveCfg = Debug|Any CPU
		{BFC324EC-0E23-4040-82BA-5B8554FB28D7}.Debug|Any CPU.Build.0 = Debug|Any CPU
		{BFC324EC-0E23-4040-82BA-5B8554FB28D7}.Release|Any CPU.ActiveCfg = Release|Any CPU
		{BFC324EC-0E23-4040-82BA-5B8554FB28D7}.Release|Any CPU.Build.0 = Release|Any CPU
		{3479594F-2019-4619-940E-9BF288E01C80}.Debug|Any CPU.ActiveCfg = Debug|Any CPU
		{3479594F-2019-4619-940E-9BF288E01C80}.Debug|Any CPU.Build.0 = Debug|Any CPU
		{3479594F-2019-4619-940E-9BF288E01C80}.Release|Any CPU.ActiveCfg = Release|Any CPU
		{3479594F-2019-4619-940E-9BF288E01C80}.Release|Any CPU.Build.0 = Release|Any CPU
		{038BD419-8120-470D-9117-4A5C5A45A2BA}.Debug|Any CPU.ActiveCfg = Debug|Any CPU
		{038BD419-8120-470D-9117-4A5C5A45A2BA}.Debug|Any CPU.Build.0 = Debug|Any CPU
		{038BD419-8120-470D-9117-4A5C5A45A2BA}.Release|Any CPU.ActiveCfg = Release|Any CPU
		{038BD419-8120-470D-9117-4A5C5A45A2BA}.Release|Any CPU.Build.0 = Release|Any CPU
		{6E3AB3A9-0C9B-47EB-9854-9DBC0DD30674}.Debug|Any CPU.ActiveCfg = Debug|Any CPU
		{6E3AB3A9-0C9B-47EB-9854-9DBC0DD30674}.Debug|Any CPU.Build.0 = Debug|Any CPU
		{6E3AB3A9-0C9B-47EB-9854-9DBC0DD30674}.Release|Any CPU.ActiveCfg = Release|Any CPU
		{6E3AB3A9-0C9B-47EB-9854-9DBC0DD30674}.Release|Any CPU.Build.0 = Release|Any CPU
		{323CCAFE-F3EE-49DA-9DF7-088E896C60E8}.Debug|Any CPU.ActiveCfg = Debug|Any CPU
		{323CCAFE-F3EE-49DA-9DF7-088E896C60E8}.Debug|Any CPU.Build.0 = Debug|Any CPU
		{323CCAFE-F3EE-49DA-9DF7-088E896C60E8}.Release|Any CPU.ActiveCfg = Release|Any CPU
		{323CCAFE-F3EE-49DA-9DF7-088E896C60E8}.Release|Any CPU.Build.0 = Release|Any CPU
		{274B8D99-0D59-4CAB-B973-1539190772BD}.Debug|Any CPU.ActiveCfg = Debug|Any CPU
		{274B8D99-0D59-4CAB-B973-1539190772BD}.Debug|Any CPU.Build.0 = Debug|Any CPU
		{274B8D99-0D59-4CAB-B973-1539190772BD}.Release|Any CPU.ActiveCfg = Release|Any CPU
		{274B8D99-0D59-4CAB-B973-1539190772BD}.Release|Any CPU.Build.0 = Release|Any CPU
		{93B2E9ED-E208-44DF-8989-19D89EEF3A9A}.Debug|Any CPU.ActiveCfg = Debug|Any CPU
		{93B2E9ED-E208-44DF-8989-19D89EEF3A9A}.Debug|Any CPU.Build.0 = Debug|Any CPU
		{93B2E9ED-E208-44DF-8989-19D89EEF3A9A}.Release|Any CPU.ActiveCfg = Release|Any CPU
		{93B2E9ED-E208-44DF-8989-19D89EEF3A9A}.Release|Any CPU.Build.0 = Release|Any CPU
		{77483F02-80FC-43E5-BBC1-54782B2EBFFB}.Debug|Any CPU.ActiveCfg = Debug|Any CPU
		{77483F02-80FC-43E5-BBC1-54782B2EBFFB}.Debug|Any CPU.Build.0 = Debug|Any CPU
		{77483F02-80FC-43E5-BBC1-54782B2EBFFB}.Release|Any CPU.ActiveCfg = Release|Any CPU
		{77483F02-80FC-43E5-BBC1-54782B2EBFFB}.Release|Any CPU.Build.0 = Release|Any CPU
		{9B27352F-AEB9-4564-BF01-D406F9442096}.Debug|Any CPU.ActiveCfg = Debug|Any CPU
		{9B27352F-AEB9-4564-BF01-D406F9442096}.Debug|Any CPU.Build.0 = Debug|Any CPU
		{9B27352F-AEB9-4564-BF01-D406F9442096}.Release|Any CPU.ActiveCfg = Release|Any CPU
		{9B27352F-AEB9-4564-BF01-D406F9442096}.Release|Any CPU.Build.0 = Release|Any CPU
		{E3181A7F-8E31-46FD-A800-8DE0E6A82D43}.Debug|Any CPU.ActiveCfg = Debug|Any CPU
		{E3181A7F-8E31-46FD-A800-8DE0E6A82D43}.Debug|Any CPU.Build.0 = Debug|Any CPU
		{E3181A7F-8E31-46FD-A800-8DE0E6A82D43}.Release|Any CPU.ActiveCfg = Release|Any CPU
		{E3181A7F-8E31-46FD-A800-8DE0E6A82D43}.Release|Any CPU.Build.0 = Release|Any CPU
	EndGlobalSection
	GlobalSection(SolutionProperties) = preSolution
		HideSolutionNode = FALSE
	EndGlobalSection
	GlobalSection(NestedProjects) = preSolution
		{6900F299-A8EE-4722-B791-1B14A069CCA4} = {F131930F-A139-433C-B0E5-8E98F443EBA1}
		{BFC324EC-0E23-4040-82BA-5B8554FB28D7} = {A3A95FA3-C2F9-4C0D-8920-3C34D275BBFF}
		{3479594F-2019-4619-940E-9BF288E01C80} = {A3A95FA3-C2F9-4C0D-8920-3C34D275BBFF}
		{038BD419-8120-470D-9117-4A5C5A45A2BA} = {8044D66F-1E02-4522-8564-F71988C8261A}
		{6E3AB3A9-0C9B-47EB-9854-9DBC0DD30674} = {4B94143A-E951-4C88-ABA4-7F9D17DFB93D}
		{323CCAFE-F3EE-49DA-9DF7-088E896C60E8} = {80750427-D7EE-41A9-BD6E-A3A495724057}
		{274B8D99-0D59-4CAB-B973-1539190772BD} = {8044D66F-1E02-4522-8564-F71988C8261A}
		{93B2E9ED-E208-44DF-8989-19D89EEF3A9A} = {9C3AAE6C-94CC-4369-A896-2FEEDAA52749}
		{77483F02-80FC-43E5-BBC1-54782B2EBFFB} = {4B94143A-E951-4C88-ABA4-7F9D17DFB93D}
		{9B27352F-AEB9-4564-BF01-D406F9442096} = {4B94143A-E951-4C88-ABA4-7F9D17DFB93D}
		{E3181A7F-8E31-46FD-A800-8DE0E6A82D43} = {8044D66F-1E02-4522-8564-F71988C8261A}
	EndGlobalSection
	GlobalSection(ExtensibilityGlobals) = postSolution
		SolutionGuid = {43F0DC72-6F61-43AF-9A39-960489E89B49}
	EndGlobalSection
EndGlobal
